{
  "name": "spike-codemirror",
  "lockfileVersion": 3,
  "requires": true,
  "packages": {
    "": {
      "name": "spike-codemirror",
      "dependencies": {
        "@codemirror/autocomplete": "^6.18.0",
        "@codemirror/lang-markdown": "^6.3.0",
        "@codemirror/state": "^6.5.0",
        "@codemirror/view": "^6.36.0",
        "codemirror": "^6.0.0"
      },
      "devDependencies": {
        "vite": "^6.0.0"
      }
    },
    "node_modules/@codemirror/autocomplete": {
      "version": "6.20.3",
      "resolved": "http://r.npm.sankuai.com/@codemirror/autocomplete/download/@codemirror/autocomplete-6.20.3.tgz",
      "integrity": "sha1-aWt0AxLGqWLhRWe0mjZhtZJLxa4=",
      "license": "MIT",
      "dependencies": {
        "@codemirror/language": "^6.0.0",
        "@codemirror/state": "^6.0.0",
        "@codemirror/view": "^6.17.0",
        "@lezer/common": "^1.0.0"
      }
    },
    "node_modules/@codemirror/commands": {
      "version": "6.11.1",
      "resolved": "http://r.npm.sankuai.com/@codemirror/commands/download/@codemirror/commands-6.11.1.tgz",
      "integrity": "sha1-HsMf+02Hur0Ja1hX5ozbo7uYmr0=",
      "license": "MIT",
      "dependencies": {
        "@codemirror/language": "^6.0.0",
        "@codemirror/state": "^6.7.0",
        "@codemirror/view": "^6.27.0",
        "@lezer/common": "^1.1.0"
      }
    },
    "node_modules/@codemirror/lang-css": {
      "version": "6.3.1",
      "resolved": "http://r.npm.sankuai.com/@codemirror/lang-css/download/@codemirror/lang-css-6.3.1.tgz",
      "integrity": "sha1-djykGu6BuyQxvlXjz8x8yOkUIaM=",
      "license": "MIT",
      "dependencies": {
        "@codemirror/autocomplete": "^6.0.0",
        "@codemirror/language": "^6.0.0",
        "@codemirror/state": "^6.0.0",
        "@lezer/common": "^1.0.2",
        "@lezer/css": "^1.1.7"
      }
    },
    "node_modules/@codemirror/lang-html": {
      "version": "6.4.12",
      "resolved": "http://r.npm.sankuai.com/@codemirror/lang-html/download/@codemirror/lang-html-6.4.12.tgz",
      "integrity": "sha1-yl3A90HB6BkYK86dA7BzVSFysbc=",
      "license": "MIT",
      "dependencies": {
        "@codemirror/autocomplete": "^6.0.0",
        "@codemirror/lang-css": "^6.0.0",
        "@codemirror/lang-javascript": "^6.0.0",
        "@codemirror/language": "^6.4.0",
        "@codemirror/state": "^6.0.0",
        "@codemirror/view": "^6.17.0",
        "@lezer/common": "^1.0.0",
        "@lezer/css": "^1.1.0",
        "@lezer/html": "^1.3.12"
      }
    },
    "node_modules/@codemirror/lang-javascript": {
      "version": "6.2.5",
      "resolved": "http://r.npm.sankuai.com/@codemirror/lang-javascript/download/@codemirror/lang-javascript-6.2.5.tgz",
      "integrity": "sha1-ueprLwOD7WiV+ueIjAMiVBU48Qo=",
      "license": "MIT",
      "dependencies": {
        "@codemirror/autocomplete": "^6.0.0",
        "@codemirror/language": "^6.6.0",
        "@codemirror/lint": "^6.0.0",
        "@codemirror/state": "^6.0.0",
        "@codemirror/view": "^6.17.0",
        "@lezer/common": "^1.0.0",
        "@lezer/javascript": "^1.0.0"
      }
    },
    "node_modules/@codemirror/lang-markdown": {
      "version": "6.5.2",
      "resolved": "http://r.npm.sankuai.com/@codemirror/lang-markdown/download/@codemirror/lang-markdown-6.5.2.tgz",
      "integrity": "sha1-UwuRRCwDXKXU6lE1wEmbLBXDmHI=",
      "license": "MIT",
      "dependencies": {
        "@codemirror/autocomplete": "^6.7.1",
        "@codemirror/lang-html": "^6.0.0",
        "@codemirror/language": "^6.3.0",
        "@codemirror/state": "^6.0.0",
        "@codemirror/view": "^6.0.0",
        "@lezer/common": "^1.2.1",
        "@lezer/markdown": "^1.0.0"
      }
    },
    "node_modules/@codemirror/language": {
      "version": "6.12.4",
      "resolved": "http://r.npm.sankuai.com/@codemirror/language/download/@codemirror/language-6.12.4.tgz",
      "integrity": "sha1-AecP1ao6igZ/8d/sddW2OUzfoFg=",
      "license": "MIT",
      "dependencies": {
        "@codemirror/state": "^6.0.0",
        "@codemirror/view": "^6.23.0",
        "@lezer/common": "^1.5.0",
        "@lezer/highlight": "^1.0.0",
        "@lezer/lr": "^1.0.0",
        "style-mod": "^4.0.0"
      }
    },
    "node_modules/@codemirror/lint": {
      "version": "6.9.7",
      "resolved": "http://r.npm.sankuai.com/@codemirror/lint/download/@codemirror/lint-6.9.7.tgz",
      "integrity": "sha1-hB/HM2dDidkf5JocNAJ607q98QU=",
      "license": "MIT",
      "dependencies": {
        "@codemirror/state": "^6.0.0",
        "@codemirror/view": "^6.42.0",
        "crelt": "^1.0.5"
      }
    },
    "node_modules/@codemirror/search": {
      "version": "6.7.2",
      "resolved": "http://r.npm.sankuai.com/@codemirror/search/download/@codemirror/search-6.7.2.tgz",
      "integrity": "sha1-k6SeshwCbeRzxPw6BHuP1neEsPA=",
      "license": "MIT",
      "dependencies": {
        "@codemirror/state": "^6.0.0",
        "@codemirror/view": "^6.37.0",
        "crelt": "^1.0.5"
      }
    },
    "node_modules/@codemirror/state": {
      "version": "6.7.6",
      "resolved": "http://r.npm.sankuai.com/@codemirror/state/download/@codemirror/state-6.7.6.tgz",
      "integrity": "sha1-SK92H645R3RfF/oUPMW1CEIlOI0=",
      "license": "MIT",
      "dependencies": {
        "@marijn/find-cluster-break": "^1.0.0"
      }
    },
    "node_modules/@codemirror/view": {
      "version": "6.43.12",
      "resolved": "http://r.npm.sankuai.com/@codemirror/view/download/@codemirror/view-6.43.12.tgz",
      "integrity": "sha1-GEdegNGZ9GRdCWcbLIEB9JVy7rs=",
      "license": "MIT",
      "dependencies": {
        "@codemirror/state": "^6.7.0",
        "crelt": "^1.0.6",
        "style-mod": "^4.1.0",
        "w3c-keyname": "^2.2.4"
      }
    },
    "node_modules/@esbuild/aix-ppc64": {
      "version": "0.25.12",
      "resolved": "http://r.npm.sankuai.com/@esbuild/aix-ppc64/download/@esbuild/aix-ppc64-0.25.12.tgz",
      "integrity": "sha1-gPy+NhMOWLdnBRHoiLjoiiWe12w=",
      "cpu": [
        "ppc64"
      ],
      "dev": true,
      "license": "MIT",
      "optional": true,
      "os": [
        "aix"
      ],
      "engines": {
        "node": ">=18"
      }
    },
    "node_modules/@esbuild/android-arm": {
      "version": "0.25.12",
      "resolved": "http://r.npm.sankuai.com/@esbuild/android-arm/download/@esbuild/android-arm-0.25.12.tgz",
      "integrity": "sha1-MAcSEB9/UPHSYnoWLm4JsQm2dno=",
      "cpu": [
        "arm"
      ],
      "dev": true,
      "license": "MIT",
      "optional": true,
      "os": [
        "android"
      ],
      "engines": {
        "node": ">=18"
      }
    },
    "node_modules/@esbuild/android-arm64": {
      "version": "0.25.12",
      "resolved": "http://r.npm.sankuai.com/@esbuild/android-arm64/download/@esbuild/android-arm64-0.25.12.tgz",
      "integrity": "sha1-iqSWX40KeYLcIXNL9mATI6Ztp1I=",
      "cpu": [
        "arm64"
      ],
      "dev": true,
      "license": "MIT",
      "optional": true,
      "os": [
        "android"
      ],
      "engines": {
        "node": ">=18"
      }
    },
    "node_modules/@esbuild/android-x64": {
      "version": "0.25.12",
      "resolved": "http://r.npm.sankuai.com/@esbuild/android-x64/download/@esbuild/android-x64-0.25.12.tgz",
      "integrity": "sha1-h9+ycWEgK9yVjvSLthsJx1j67hY=",
      "cpu": [
        "x64"
      ],
      "dev": true,
      "license": "MIT",
      "optional": true,
      "os": [
        "android"
      ],
      "engines": {
        "node": ">=18"
      }
    },
    "node_modules/@esbuild/darwin-arm64": {
      "version": "0.25.12",
      "resolved": "http://r.npm.sankuai.com/@esbuild/darwin-arm64/download/@esbuild/darwin-arm64-0.25.12.tgz",
      "integrity": "sha1-eRl4mOwf90XSHAceHHzDyALwwf0=",
      "cpu": [
        "arm64"
      ],
      "dev": true,
      "license": "MIT",
      "optional": true,
      "os": [
        "darwin"
      ],
      "engines": {
        "node": ">=18"
      }
    },
    "node_modules/@esbuild/darwin-x64": {
      "version": "0.25.12",
      "resolved": "http://r.npm.sankuai.com/@esbuild/darwin-x64/download/@esbuild/darwin-x64-0.25.12.tgz",
      "integrity": "sha1-FGQAqFYhM/RcTS6tzzfd0JcYB54=",
      "cpu": [
        "x64"
      ],
      "dev": true,
      "license": "MIT",
      "optional": true,
      "os": [
        "darwin"
      ],
      "engines": {
        "node": ">=18"
      }
    },
    "node_modules/@esbuild/freebsd-arm64": {
      "version": "0.25.12",
      "resolved": "http://r.npm.sankuai.com/@esbuild/freebsd-arm64/download/@esbuild/freebsd-arm64-0.25.12.tgz",
      "integrity": "sha1-HF+bpyBuFY/SskxZ+i0si7R8oP4=",
      "cpu": [
        "arm64"
      ],
      "dev": true,
      "license": "MIT",
      "optional": true,
      "os": [
        "freebsd"
      ],
      "engines": {
        "node": ">=18"
      }
    },
    "node_modules/@esbuild/freebsd-x64": {
      "version": "0.25.12",
      "resolved": "http://r.npm.sankuai.com/@esbuild/freebsd-x64/download/@esbuild/freebsd-x64-0.25.12.tgz",
      "integrity": "sha1-6mMfSja+qsS5J5+g/MbKKerusrM=",
      "cpu": [
        "x64"
      ],
      "dev": true,
      "license": "MIT",
      "optional": true,
      "os": [
        "freebsd"
      ],
      "engines": {
        "node": ">=18"
      }
    },
    "node_modules/@esbuild/linux-arm": {
      "version": "0.25.12",
      "resolved": "http://r.npm.sankuai.com/@esbuild/linux-arm/download/@esbuild/linux-arm-0.25.12.tgz",
      "integrity": "sha1-RSzWayCTLQi9xTqLYcDjC69DSLk=",
      "cpu": [
        "arm"
      ],
      "dev": true,
      "license": "MIT",
      "optional": true,
      "os": [
        "linux"
      ],
      "engines": {
        "node": ">=18"
      }
    },
    "node_modules/@esbuild/linux-arm64": {
      "version": "0.25.12",
      "resolved": "http://r.npm.sankuai.com/@esbuild/linux-arm64/download/@esbuild/linux-arm64-0.25.12.tgz",
      "integrity": "sha1-4QZrzlg5TxsRQd7shVel8KIvWXc=",
      "cpu": [
        "arm64"
      ],
      "dev": true,
      "license": "MIT",
      "optional": true,
      "os": [
        "linux"
      ],
      "engines": {
        "node": ">=18"
      }
    },
    "node_modules/@esbuild/linux-ia32": {
      "version": "0.25.12",
      "resolved": "http://r.npm.sankuai.com/@esbuild/linux-ia32/download/@esbuild/linux-ia32-0.25.12.tgz",
      "integrity": "sha1-sk+KzEW89UGSx/LzvhtT5lUer+A=",
      "cpu": [
        "ia32"
      ],
      "dev": true,
      "license": "MIT",
      "optional": true,
      "os": [
        "linux"
      ],
      "engines": {
        "node": ">=18"
      }
    },
    "node_modules/@esbuild/linux-loong64": {
      "version": "0.25.12",
      "resolved": "http://r.npm.sankuai.com/@esbuild/linux-loong64/download/@esbuild/linux-loong64-0.25.12.tgz",
      "integrity": "sha1-+c//p/yDIlcfvEyLMmjK8VvYGtA=",
      "cpu": [
        "loong64"
      ],
      "dev": true,
      "license": "MIT",
      "optional": true,
      "os": [
        "linux"
      ],
      "engines": {
        "node": ">=18"
      }
    },
    "node_modules/@esbuild/linux-mips64el": {
      "version": "0.25.12",
      "resolved": "http://r.npm.sankuai.com/@esbuild/linux-mips64el/download/@esbuild/linux-mips64el-0.25.12.tgz",
      "integrity": "sha1-V1oUvXRkT/q4ka3H1+YNJ1KW8s0=",
      "cpu": [
        "mips64el"
      ],
      "dev": true,
      "license": "MIT",
      "optional": true,
      "os": [
        "linux"
      ],
      "engines": {
        "node": ">=18"
      }
    },
    "node_modules/@esbuild/linux-ppc64": {
      "version": "0.25.12",
      "resolved": "http://r.npm.sankuai.com/@esbuild/linux-ppc64/download/@esbuild/linux-ppc64-0.25.12.tgz",
      "integrity": "sha1-dbmccKlfvV93OddpK+/mBgFZGGk=",
      "cpu": [
        "ppc64"
      ],
      "dev": true,
      "license": "MIT",
      "optional": true,
      "os": [
        "linux"
      ],
      "engines": {
        "node": ">=18"
      }
    },
    "node_modules/@esbuild/linux-riscv64": {
      "version": "0.25.12",
      "resolved": "http://r.npm.sankuai.com/@esbuild/linux-riscv64/download/@esbuild/linux-riscv64-0.25.12.tgz",
      "integrity": "sha1-LjJZRAMhpE553fdTXDJQV9qHXNY=",
      "cpu": [
        "riscv64"
      ],
      "dev": true,
      "license": "MIT",
      "optional": true,
      "os": [
        "linux"
      ],
      "engines": {
        "node": ">=18"
      }
    },
    "node_modules/@esbuild/linux-s390x": {
      "version": "0.25.12",
      "resolved": "http://r.npm.sankuai.com/@esbuild/linux-s390x/download/@esbuild/linux-s390x-0.25.12.tgz",
      "integrity": "sha1-F2dsq7/lko2lsqDW311YzQjbJmM=",
      "cpu": [
        "s390x"
      ],
      "dev": true,
      "license": "MIT",
      "optional": true,
      "os": [
        "linux"
      ],
      "engines": {
        "node": ">=18"
      }
    },
    "node_modules/@esbuild/linux-x64": {
      "version": "0.25.12",
      "resolved": "http://r.npm.sankuai.com/@esbuild/linux-x64/download/@esbuild/linux-x64-0.25.12.tgz",
      "integrity": "sha1-BYN3VoXKggZtBMNQfwlSTTzXowY=",
      "cpu": [
        "x64"
      ],
      "dev": true,
      "license": "MIT",
      "optional": true,
      "os": [
        "linux"
      ],
      "engines": {
        "node": ">=18"
      }
    },
    "node_modules/@esbuild/netbsd-arm64": {
      "version": "0.25.12",
      "resolved": "http://r.npm.sankuai.com/@esbuild/netbsd-arm64/download/@esbuild/netbsd-arm64-0.25.12.tgz",
      "integrity": "sha1-8ExAScsuJS/paxb+2Q9wdGsT9KQ=",
      "cpu": [
        "arm64"
      ],
      "dev": true,
      "license": "MIT",
      "optional": true,
      "os": [
        "netbsd"
      ],
      "engines": {
        "node": ">=18"
      }
    },
    "node_modules/@esbuild/netbsd-x64": {
      "version": "0.25.12",
      "resolved": "http://r.npm.sankuai.com/@esbuild/netbsd-x64/download/@esbuild/netbsd-x64-0.25.12.tgz",
      "integrity": "sha1-d9oNCg2CbXySHuo9QCklSLJYoHY=",
      "cpu": [
        "x64"
      ],
      "dev": true,
      "license": "MIT",
      "optional": true,
      "os": [
        "netbsd"
      ],
      "engines": {
        "node": ">=18"
      }
    },
    "node_modules/@esbuild/openbsd-arm64": {
      "version": "0.25.12",
      "resolved": "http://r.npm.sankuai.com/@esbuild/openbsd-arm64/download/@esbuild/openbsd-arm64-0.25.12.tgz",
      "integrity": "sha1-Ypb1hnrt7yioGyKrIAnHhqlS3M0=",
      "cpu": [
        "arm64"
      ],
      "dev": true,
      "license": "MIT",
      "optional": true,
      "os": [
        "openbsd"
      ],
      "engines": {
        "node": ">=18"
      }
    },
    "node_modules/@esbuild/openbsd-x64": {
      "version": "0.25.12",
      "resolved": "http://r.npm.sankuai.com/@esbuild/openbsd-x64/download/@esbuild/openbsd-x64-0.25.12.tgz",
      "integrity": "sha1-+NIzAzYOJ7Fs8GWyO7/0PBQUJnk=",
      "cpu": [
        "x64"
      ],
      "dev": true,
      "license": "MIT",
      "optional": true,
      "os": [
        "openbsd"
      ],
      "engines": {
        "node": ">=18"
      }
    },
    "node_modules/@esbuild/openharmony-arm64": {
      "version": "0.25.12",
      "resolved": "http://r.npm.sankuai.com/@esbuild/openharmony-arm64/download/@esbuild/openharmony-arm64-0.25.12.tgz",
      "integrity": "sha1-SeC3aHRKOSS+DX/ZfdbOmykj2I0=",
      "cpu": [
        "arm64"
      ],
      "dev": true,
      "license": "MIT",
      "optional": true,
      "os": [
        "openharmony"
      ],
      "engines": {
        "node": ">=18"
      }
    },
    "node_modules/@esbuild/sunos-x64": {
      "version": "0.25.12",
      "resolved": "http://r.npm.sankuai.com/@esbuild/sunos-x64/download/@esbuild/sunos-x64-0.25.12.tgz",
      "integrity": "sha1-pu19Z3jWflKMgfsWWyP0kRubE9Y=",
      "cpu": [
        "x64"
      ],
      "dev": true,
      "license": "MIT",
      "optional": true,
      "os": [
        "sunos"
      ],
      "engines": {
        "node": ">=18"
      }
    },
    "node_modules/@esbuild/win32-arm64": {
      "version": "0.25.12",
      "resolved": "http://r.npm.sankuai.com/@esbuild/win32-arm64/download/@esbuild/win32-arm64-0.25.12.tgz",
      "integrity": "sha1-msFMN44bZTrxfQjn0840yu9YcyM=",
      "cpu": [
        "arm64"
      ],
      "dev": true,
      "license": "MIT",
      "optional": true,
      "os": [
        "win32"
      ],
      "engines": {
        "node": ">=18"
      }
    },
    "node_modules/@esbuild/win32-ia32": {
      "version": "0.25.12",
      "resolved": "http://r.npm.sankuai.com/@esbuild/win32-ia32/download/@esbuild/win32-ia32-0.25.12.tgz",
      "integrity": "sha1-kYlC3LuzXMFPyjmvuRteaj0Scmc=",
      "cpu": [
        "ia32"
      ],
      "dev": true,
      "license": "MIT",
      "optional": true,
      "os": [
        "win32"
      ],
      "engines": {
        "node": ">=18"
      }
    },
    "node_modules/@esbuild/win32-x64": {
      "version": "0.25.12",
      "resolved": "http://r.npm.sankuai.com/@esbuild/win32-x64/download/@esbuild/win32-x64-0.25.12.tgz",
      "integrity": "sha1-m9rYF2vngRrRSNH4dyNZBB9GxsU=",
      "cpu": [
        "x64"
      ],
      "dev": true,
      "license": "MIT",
      "optional": true,
      "os": [
        "win32"
      ],
      "engines": {
        "node": ">=18"
      }
    },
    "node_modules/@lezer/common": {
      "version": "1.5.3",
      "resolved": "http://r.npm.sankuai.com/@lezer/common/download/@lezer/common-1.5.3.tgz",
      "integrity": "sha1-Hwv5b49JSe92GZGTSy+TlHEzsuw=",
      "license": "MIT"
    },
    "node_modules/@lezer/css": {
      "version": "1.3.8",
      "resolved": "http://r.npm.sankuai.com/@lezer/css/download/@lezer/css-1.3.8.tgz",
      "integrity": "sha1-6Z7ytYqdxuDx8m/ovQuUwt7rYDQ=",
      "license": "MIT",
      "dependencies": {
        "@lezer/common": "^1.2.0",
        "@lezer/highlight": "^1.0.0",
        "@lezer/lr": "^1.3.0"
      }
    },
    "node_modules/@lezer/highlight": {
      "version": "1.2.5",
      "resolved": "http://r.npm.sankuai.com/@lezer/highlight/download/@lezer/highlight-1.2.5.tgz",
      "integrity": "sha1-r0O6GfLNUHE+sEWrgnCFoKpthZI=",
      "license": "MIT",
      "dependencies": {
        "@lezer/common": "^1.3.0"
      }
    },
    "node_modules/@lezer/html": {
      "version": "1.3.13",
      "resolved": "http://r.npm.sankuai.com/@lezer/html/download/@lezer/html-1.3.13.tgz",
      "integrity": "sha1-ahMFrjvSycAfh3+KjcHhXsZS0Bw=",
      "license": "MIT",
      "dependencies": {
        "@lezer/common": "^1.2.0",
        "@lezer/highlight": "^1.0.0",
        "@lezer/lr": "^1.0.0"
      }
    },
    "node_modules/@lezer/javascript": {
      "version": "1.5.4",
      "resolved": "http://r.npm.sankuai.com/@lezer/javascript/download/@lezer/javascript-1.5.4.tgz",
      "integrity": "sha1-EXRpVflX0zwJM/F9dZTbVKi0vuo=",
      "license": "MIT",
      "dependencies": {
        "@lezer/common": "^1.2.0",
        "@lezer/highlight": "^1.1.3",
        "@lezer/lr": "^1.3.0"
      }
    },
    "node_modules/@lezer/lr": {
      "version": "1.4.10",
      "resolved": "http://r.npm.sankuai.com/@lezer/lr/download/@lezer/lr-1.4.10.tgz",
      "integrity": "sha1-s6zDblrQSbdN23cZWU5+dNkWH/U=",
      "license": "MIT",
      "dependencies": {
        "@lezer/common": "^1.0.0"
      }
    },
    "node_modules/@lezer/markdown": {
      "version": "1.7.2",
      "resolved": "http://r.npm.sankuai.com/@lezer/markdown/download/@lezer/markdown-1.7.2.tgz",
      "integrity": "sha1-3+AkmBPcj6pgtGWaTKK42m3K91M=",
      "license": "MIT",
      "dependencies": {
        "@lezer/common": "^1.5.0",
        "@lezer/highlight": "^1.0.0"
      }
    },
    "node_modules/@marijn/find-cluster-break": {
      "version": "1.0.4",
      "resolved": "http://r.npm.sankuai.com/@marijn/find-cluster-break/download/@marijn/find-cluster-break-1.0.4.tgz",
      "integrity": "sha1-QsKuphzaMHzbE0dER5JFLXtdv7Q=",
      "license": "MIT"
    },
    "node_modules/@napi-rs/lzma-linux-x64-gnu": {
      "version": "1.5.1",
      "resolved": "http://r.npm.sankuai.com/@napi-rs/lzma-linux-x64-gnu/download/@napi-rs/lzma-linux-x64-gnu-1.5.1.tgz",
      "integrity": "sha1-5X1DBpZgeGYgOAlPs465FG3Drqk=",
      "cpu": [
        "x64"
      ],
      "dev": true,
      "license": "MIT",
      "optional": true,
      "os": [
        "linux"
      ],
      "engines": {
        "node": "^22.20 || ^24.12 || >=25"
      }
    },
    "node_modules/@rollup/rollup-android-arm-eabi": {
      "version": "4.63.5",
      "resolved": "http://r.npm.sankuai.com/@rollup/rollup-android-arm-eabi/download/@rollup/rollup-android-arm-eabi-4.63.5.tgz",
      "integrity": "sha1-e7Ml3NNDCz169IQJm+7VOAixpag=",
      "cpu": [
        "arm"
      ],
      "dev": true,
      "license": "MIT",
      "optional": true,
      "os": [
        "android"
      ]
    },
    "node_modules/@rollup/rollup-android-arm64": {
      "version": "4.63.5",
      "resolved": "http://r.npm.sankuai.com/@rollup/rollup-android-arm64/download/@rollup/rollup-android-arm64-4.63.5.tgz",
      "integrity": "sha1-ZwBCkZWO8o0pZPybaig1b+VPQ6c=",
      "cpu": [
        "arm64"
      ],
      "dev": true,
      "license": "MIT",
      "optional": true,
      "os": [
        "android"
      ]
    },
    "node_modules/@rollup/rollup-darwin-arm64": {
      "version": "4.63.5",
      "resolved": "http://r.npm.sankuai.com/@rollup/rollup-darwin-arm64/download/@rollup/rollup-darwin-arm64-4.63.5.tgz",
      "integrity": "sha1-Rxb/4J+MW5jig6Us15Kz3itxZ2s=",
      "cpu": [
        "arm64"
      ],
      "dev": true,
      "license": "MIT",
      "optional": true,
      "os": [
        "darwin"
      ]
    },
    "node_modules/@rollup/rollup-darwin-x64": {
      "version": "4.63.5",
      "resolved": "http://r.npm.sankuai.com/@rollup/rollup-darwin-x64/download/@rollup/rollup-darwin-x64-4.63.5.tgz",
      "integrity": "sha1-KWPEZAPH/w3XM7/dwIlnZKAbW34=",
      "cpu": [
        "x64"
      ],
      "dev": true,
      "license": "MIT",
      "optional": true,
      "os": [
        "darwin"
      ]
    },
    "node_modules/@rollup/rollup-freebsd-arm64": {
      "version": "4.63.5",
      "resolved": "http://r.npm.sankuai.com/@rollup/rollup-freebsd-arm64/download/@rollup/rollup-freebsd-arm64-4.63.5.tgz",
      "integrity": "sha1-Ka4AuCIQJySuvuc70JMTfCgxeng=",
      "cpu": [
        "arm64"
      ],
      "dev": true,
      "license": "MIT",
      "optional": true,
      "os": [
        "freebsd"
      ]
    },
    "node_modules/@rollup/rollup-freebsd-x64": {
      "version": "4.63.5",
      "resolved": "http://r.npm.sankuai.com/@rollup/rollup-freebsd-x64/download/@rollup/rollup-freebsd-x64-4.63.5.tgz",
      "integrity": "sha1-FRhKEZ5MsEDMKT9yExhuxtC0Eqg=",
      "cpu": [
        "x64"
      ],
      "dev": true,
      "license": "MIT",
      "optional": true,
      "os": [
        "freebsd"
      ]
    },
    "node_modules/@rollup/rollup-linux-arm-gnueabihf": {
      "version": "4.63.5",
      "resolved": "http://r.npm.sankuai.com/@rollup/rollup-linux-arm-gnueabihf/download/@rollup/rollup-linux-arm-gnueabihf-4.63.5.tgz",
      "integrity": "sha1-ubzgZ0ZVcYaVuYXd4euonNxZK7E=",
      "cpu": [
        "arm"
      ],
      "dev": true,
      "license": "MIT",
      "optional": true,
      "os": [
        "linux"
      ]
    },
    "node_modules/@rollup/rollup-linux-arm-musleabihf": {
      "version": "4.63.5",
      "resolved": "http://r.npm.sankuai.com/@rollup/rollup-linux-arm-musleabihf/download/@rollup/rollup-linux-arm-musleabihf-4.63.5.tgz",
      "integrity": "sha1-OB9ni0h/sCMx/KLf4tDsqxc1BLA=",
      "cpu": [
        "arm"
      ],
      "dev": true,
      "license": "MIT",
      "optional": true,
      "os": [
        "linux"
      ]
    },
    "node_modules/@rollup/rollup-linux-arm64-gnu": {
      "version": "4.63.5",
      "resolved": "http://r.npm.sankuai.com/@rollup/rollup-linux-arm64-gnu/download/@rollup/rollup-linux-arm64-gnu-4.63.5.tgz",
      "integrity": "sha1-//meOv8a0o/oUGxv1uhFx7KEgkM=",
      "cpu": [
        "arm64"
      ],
      "dev": true,
      "license": "MIT",
      "optional": true,
      "os": [
        "linux"
      ]
    },
    "node_modules/@rollup/rollup-linux-arm64-musl": {
      "version": "4.63.5",
      "resolved": "http://r.npm.sankuai.com/@rollup/rollup-linux-arm64-musl/download/@rollup/rollup-linux-arm64-musl-4.63.5.tgz",
      "integrity": "sha1-CSVjKP5YDMigKSZUFv9Zvh3+AWE=",
      "cpu": [
        "arm64"
      ],
      "dev": true,
      "license": "MIT",
      "optional": true,
      "os": [
        "linux"
      ]
    },
    "node_modules/@rollup/rollup-linux-loong64-gnu": {
      "version": "4.63.5",
      "resolved": "http://r.npm.sankuai.com/@rollup/rollup-linux-loong64-gnu/download/@rollup/rollup-linux-loong64-gnu-4.63.5.tgz",
      "integrity": "sha1-36BzKG5mKrd6x+6EL9Z2QzuNf9M=",
      "cpu": [
        "loong64"
      ],
      "dev": true,
      "license": "MIT",
      "optional": true,
      "os": [
        "linux"
      ]
    },
    "node_modules/@rollup/rollup-linux-ppc64-gnu": {
      "version": "4.63.5",
      "resolved": "http://r.npm.sankuai.com/@rollup/rollup-linux-ppc64-gnu/download/@rollup/rollup-linux-ppc64-gnu-4.63.5.tgz",
      "integrity": "sha1-5mdESrxQBpcBcIm8yM4yBZ5GQqE=",
      "cpu": [
        "ppc64"
      ],
      "dev": true,
      "license": "MIT",
      "optional": true,
      "os": [
        "linux"
      ]
    },
    "node_modules/@rollup/rollup-linux-ppc64-musl": {
      "version": "4.63.5",
      "resolved": "http://r.npm.sankuai.com/@rollup/rollup-linux-ppc64-musl/download/@rollup/rollup-linux-ppc64-musl-4.63.5.tgz",
      "integrity": "sha1-Mm1QPnvNYmeTb1EseTrMBCNbim8=",
      "cpu": [
        "ppc64"
      ],
      "dev": true,
      "license": "MIT",
      "optional": true,
      "os": [
        "linux"
      ]
    },
    "node_modules/@rollup/rollup-linux-riscv64-musl": {
      "version": "4.63.5",
      "resolved": "http://r.npm.sankuai.com/@rollup/rollup-linux-riscv64-musl/download/@rollup/rollup-linux-riscv64-musl-4.63.5.tgz",
      "integrity": "sha1-5N/tJmGxBKwTJyUlFyOd79LC148=",
      "cpu": [
        "riscv64"
      ],
      "dev": true,
      "license": "MIT",
      "optional": true,
      "os": [
        "linux"
      ]
    },
    "node_modules/@rollup/rollup-linux-s390x-gnu": {
      "version": "4.63.5",
      "resolved": "http://r.npm.sankuai.com/@rollup/rollup-linux-s390x-gnu/download/@rollup/rollup-linux-s390x-gnu-4.63.5.tgz",
      "integrity": "sha1-SY3tISjyXwmDl9ffYQM/ydKqcwU=",
      "cpu": [
        "s390x"
      ],
      "dev": true,
      "license": "MIT",
      "optional": true,
      "os": [
        "linux"
      ]
    },
    "node_modules/@rollup/rollup-linux-x64-gnu": {
      "version": "4.63.5",
      "resolved": "http://r.npm.sankuai.com/@rollup/rollup-linux-x64-gnu/download/@rollup/rollup-linux-x64-gnu-4.63.5.tgz",
      "integrity": "sha1-JGRJsaoLo7ndqE4jZUeoFPhxI8w=",
      "cpu": [
        "x64"
      ],
      "dev": true,
      "license": "MIT",
      "optional": true,
      "os": [
        "linux"
      ]
    },
    "node_modules/@rollup/rollup-linux-x64-musl": {
      "version": "4.63.5",
      "resolved": "http://r.npm.sankuai.com/@rollup/rollup-linux-x64-musl/download/@rollup/rollup-linux-x64-musl-4.63.5.tgz",
      "integrity": "sha1-xp03WLbvBUdir5xcgotdjlokbSQ=",
      "cpu": [
        "x64"
      ],
      "dev": true,
      "license": "MIT",
      "optional": true,
      "os": [
        "linux"
      ]
    },
    "node_modules/@rollup/rollup-openbsd-x64": {
      "version": "4.63.5",
      "resolved": "http://r.npm.sankuai.com/@rollup/rollup-openbsd-x64/download/@rollup/rollup-openbsd-x64-4.63.5.tgz",
      "integrity": "sha1-UvO68o/PhBiEuXaqxEEQ5or9EV4=",
      "cpu": [
        "x64"
      ],
      "dev": true,
      "license": "MIT",
      "optional": true,
      "os": [
        "openbsd"
      ]
    },
    "node_modules/@rollup/rollup-openharmony-arm64": {
      "version": "4.63.5",
      "resolved": "http://r.npm.sankuai.com/@rollup/rollup-openharmony-arm64/download/@rollup/rollup-openharmony-arm64-4.63.5.tgz",
      "integrity": "sha1-oOzBjCxFBeliqkcQLL+qV61F+UY=",
      "cpu": [
        "arm64"
      ],
      "dev": true,
      "license": "MIT",
      "optional": true,
      "os": [
        "openharmony"
      ]
    },
    "node_modules/@rollup/rollup-win32-arm64-msvc": {
      "version": "4.63.5",
      "resolved": "http://r.npm.sankuai.com/@rollup/rollup-win32-arm64-msvc/download/@rollup/rollup-win32-arm64-msvc-4.63.5.tgz",
      "integrity": "sha1-6vAVax9R9XkAykBy7vPZa7pLbWg=",
      "cpu": [
        "arm64"
      ],
      "dev": true,
      "license": "MIT",
      "optional": true,
      "os": [
        "win32"
      ]
    },
    "node_modules/@rollup/rollup-win32-ia32-msvc": {
      "version": "4.63.5",
      "resolved": "http://r.npm.sankuai.com/@rollup/rollup-win32-ia32-msvc/download/@rollup/rollup-win32-ia32-msvc-4.63.5.tgz",
      "integrity": "sha1-TMP9iEjAZqS5ajhTeWbbng/7tM8=",
      "cpu": [
        "ia32"
      ],
      "dev": true,
      "license": "MIT",
      "optional": true,
      "os": [
        "win32"
      ]
    },
    "node_modules/@rollup/rollup-win32-x64-gnu": {
      "version": "4.63.5",
      "resolved": "http://r.npm.sankuai.com/@rollup/rollup-win32-x64-gnu/download/@rollup/rollup-win32-x64-gnu-4.63.5.tgz",
      "integrity": "sha1-CTAHiiVW2rleLWe8tSKZ6fOOkyg=",
      "cpu": [
        "x64"
      ],
      "dev": true,
      "license": "MIT",
      "optional": true,
      "os": [
        "win32"
      ]
    },
    "node_modules/@rollup/rollup-win32-x64-msvc": {
      "version": "4.63.5",
      "resolved": "http://r.npm.sankuai.com/@rollup/rollup-win32-x64-msvc/download/@rollup/rollup-win32-x64-msvc-4.63.5.tgz",
      "integrity": "sha1-ZuHrTkfpkzFGmb/QPqpU42eQ6Nk=",
      "cpu": [
        "x64"
      ],
      "dev": true,
      "license": "MIT",
      "optional": true,
      "os": [
        "win32"
      ]
    },
    "node_modules/@types/estree": {
      "version": "1.0.9",
      "resolved": "http://r.npm.sankuai.com/@types/estree/download/@types/estree-1.0.9.tgz",
      "integrity": "sha1-zz8Oh2177hWpOrkluCv1cKOQSiQ=",
      "dev": true,
      "license": "MIT"
    },
    "node_modules/codemirror": {
      "version": "6.0.2",
      "resolved": "http://r.npm.sankuai.com/codemirror/download/codemirror-6.0.2.tgz",
      "integrity": "sha1-TT/qGtYLZ1P5fKg18vSMaTaolG4=",
      "license": "MIT",
      "dependencies": {
        "@codemirror/autocomplete": "^6.0.0",
        "@codemirror/commands": "^6.0.0",
        "@codemirror/language": "^6.0.0",
        "@codemirror/lint": "^6.0.0",
        "@codemirror/search": "^6.0.0",
        "@codemirror/state": "^6.0.0",
        "@codemirror/view": "^6.0.0"
      }
    },
    "node_modules/crelt": {
      "version": "1.0.7",
      "resolved": "http://r.npm.sankuai.com/crelt/download/crelt-1.0.7.tgz",
      "integrity": "sha1-O0QbLd+nMWHWoncKpM1nf4leryg=",
      "license": "MIT"
    },
    "node_modules/esbuild": {
      "version": "0.25.12",
      "resolved": "http://r.npm.sankuai.com/esbuild/download/esbuild-0.25.12.tgz",
      "integrity": "sha1-l6HQQfSrAML84vg40rmWmi0ql6U=",
      "dev": true,
      "hasInstallScript": true,
      "license": "MIT",
      "bin": {
        "esbuild": "bin/esbuild"
      },
      "engines": {
        "node": ">=18"
      },
      "optionalDependencies": {
        "@esbuild/aix-ppc64": "0.25.12",
        "@esbuild/android-arm": "0.25.12",
        "@esbuild/android-arm64": "0.25.12",
        "@esbuild/android-x64": "0.25.12",
        "@esbuild/darwin-arm64": "0.25.12",
        "@esbuild/darwin-x64": "0.25.12",
        "@esbuild/freebsd-arm64": "0.25.12",
        "@esbuild/freebsd-x64": "0.25.12",
        "@esbuild/linux-arm": "0.25.12",
        "@esbuild/linux-arm64": "0.25.12",
        "@esbuild/linux-ia32": "0.25.12",
        "@esbuild/linux-loong64": "0.25.12",
        "@esbuild/linux-mips64el": "0.25.12",
        "@esbuild/linux-ppc64": "0.25.12",
        "@esbuild/linux-riscv64": "0.25.12",
        "@esbuild/linux-s390x": "0.25.12",
        "@esbuild/linux-x64": "0.25.12",
        "@esbuild/netbsd-arm64": "0.25.12",
        "@esbuild/netbsd-x64": "0.25.12",
        "@esbuild/openbsd-arm64": "0.25.12",
        "@esbuild/openbsd-x64": "0.25.12",
        "@esbuild/openharmony-arm64": "0.25.12",
        "@esbuild/sunos-x64": "0.25.12",
        "@esbuild/win32-arm64": "0.25.12",
        "@esbuild/win32-ia32": "0.25.12",
        "@esbuild/win32-x64": "0.25.12"
      }
    },
    "node_modules/fdir": {
      "version": "6.5.0",
      "resolved": "http://r.npm.sankuai.com/fdir/download/fdir-6.5.0.tgz",
      "integrity": "sha1-7Sq5Z6MxreYvGNB32uGSaE1Q01A=",
      "dev": true,
      "license": "MIT",
      "engines": {
        "node": ">=12.0.0"
      },
      "peerDependencies": {
        "picomatch": "^3 || ^4"
      },
      "peerDependenciesMeta": {
        "picomatch": {
          "optional": true
        }
      }
    },
    "node_modules/fsevents": {
      "version": "2.3.3",
      "resolved": "http://r.npm.sankuai.com/fsevents/download/fsevents-2.3.3.tgz",
      "integrity": "sha1-ysZAd4XQNnWipeGlMFxpezR9kNY=",
      "dev": true,
      "hasInstallScript": true,
      "license": "MIT",
      "optional": true,
      "os": [
        "darwin"
      ],
      "engines": {
        "node": "^8.16.0 || ^10.6.0 || >=11.0.0"
      }
    },
    "node_modules/nanoid": {
      "version": "3.3.19",
      "resolved": "http://r.npm.sankuai.com/nanoid/download/nanoid-3.3.19.tgz",
      "integrity": "sha1-M21KpLzU+yTSzd7ef/6uQL7APwo=",
      "dev": true,
      "funding": [
        {
          "type": "github",
          "url": "https://github.com/sponsors/ai"
        }
      ],
      "license": "MIT",
      "bin": {
        "nanoid": "bin/nanoid.cjs"
      },
      "engines": {
        "node": "^10 || ^12 || ^13.7 || ^14 || >=15.0.1"
      }
    },
    "node_modules/picocolors": {
      "version": "1.1.1",
      "resolved": "http://r.npm.sankuai.com/picocolors/download/picocolors-1.1.1.tgz",
      "integrity": "sha1-PTIa8+q5ObCDyPkpodEs2oHCa2s=",
      "dev": true,
      "license": "ISC"
    },
    "node_modules/picomatch": {
      "version": "4.0.7",
      "resolved": "http://r.npm.sankuai.com/picomatch/download/picomatch-4.0.7.tgz",
      "integrity": "sha1-YxM2ADTMs2s9xh7L3/eBIfkP4h8=",
      "dev": true,
      "license": "MIT",
      "engines": {
        "node": ">=12"
      },
      "funding": {
        "url": "https://github.com/sponsors/jonschlinkert"
      }
    },
    "node_modules/postcss": {
      "version": "8.5.28",
      "resolved": "http://r.npm.sankuai.com/postcss/download/postcss-8.5.28.tgz",
      "integrity": "sha1-2kVjqZoG5i1sHNGsrjYyJLyu1uk=",
      "dev": true,
      "funding": [
        {
          "type": "opencollective",
          "url": "https://opencollective.com/postcss/"
        },
        {
          "type": "tidelift",
          "url": "https://tidelift.com/funding/github/npm/postcss"
        },
        {
          "type": "github",
          "url": "https://github.com/sponsors/ai"
        }
      ],
      "license": "MIT",
      "dependencies": {
        "nanoid": "^3.3.18",
        "picocolors": "^1.1.1",
        "source-map-js": "^1.2.1"
      },
      "engines": {
        "node": "^10 || ^12 || >=14"
      }
    },
    "node_modules/rollup": {
      "version": "4.63.5",
      "resolved": "http://r.npm.sankuai.com/rollup/download/rollup-4.63.5.tgz",
      "integrity": "sha1-8/RobQh0pUTOVJc4DxMti2dbTlk=",
      "dev": true,
      "license": "MIT",
      "dependencies": {
        "@types/estree": "1.0.9"
      },
      "bin": {
        "rollup": "dist/bin/rollup"
      },
      "engines": {
        "node": ">=18.0.0",
        "npm": ">=8.0.0"
      },
      "optionalDependencies": {
        "@napi-rs/lzma-linux-x64-gnu": "1.5.1",
        "@rollup/rollup-android-arm-eabi": "4.63.5",
        "@rollup/rollup-android-arm64": "4.63.5",
        "@rollup/rollup-darwin-arm64": "4.63.5",
        "@rollup/rollup-darwin-x64": "4.63.5",
        "@rollup/rollup-freebsd-arm64": "4.63.5",
        "@rollup/rollup-freebsd-x64": "4.63.5",
        "@rollup/rollup-linux-arm-gnueabihf": "4.63.5",
        "@rollup/rollup-linux-arm-musleabihf": "4.63.5",
        "@rollup/rollup-linux-arm64-gnu": "4.63.5",
        "@rollup/rollup-linux-arm64-musl": "4.63.5",
        "@rollup/rollup-linux-loong64-gnu": "4.63.5",
        "@rollup/rollup-linux-loong64-musl": "4.63.5",
        "@rollup/rollup-linux-ppc64-gnu": "4.63.5",
        "@rollup/rollup-linux-ppc64-musl": "4.63.5",
        "@rollup/rollup-linux-riscv64-gnu": "4.63.5",
        "@rollup/rollup-linux-riscv64-musl": "4.63.5",
        "@rollup/rollup-linux-s390x-gnu": "4.63.5",
        "@rollup/rollup-linux-x64-gnu": "4.63.5",
        "@rollup/rollup-linux-x64-musl": "4.63.5",
        "@rollup/rollup-openbsd-x64": "4.63.5",
        "@rollup/rollup-openharmony-arm64": "4.63.5",
        "@rollup/rollup-win32-arm64-msvc": "4.63.5",
        "@rollup/rollup-win32-ia32-msvc": "4.63.5",
        "@rollup/rollup-win32-x64-gnu": "4.63.5",
        "@rollup/rollup-win32-x64-msvc": "4.63.5",
        "fsevents": "~2.3.2"
      }
    },
    "node_modules/rollup/node_modules/@rollup/rollup-linux-loong64-musl": {
      "dev": true,
      "optional": true
    },
    "node_modules/rollup/node_modules/@rollup/rollup-linux-riscv64-gnu": {
      "dev": true,
      "optional": true
    },
    "node_modules/source-map-js": {
      "version": "1.2.1",
      "resolved": "http://r.npm.sankuai.com/source-map-js/download/source-map-js-1.2.1.tgz",
      "integrity": "sha1-HOVlD93YerwJnto33P8CTCZnrkY=",
      "dev": true,
      "license": "BSD-3-Clause",
      "engines": {
        "node": ">=0.10.0"
      }
    },
    "node_modules/style-mod": {
      "version": "4.1.4",
      "resolved": "http://r.npm.sankuai.com/style-mod/download/style-mod-4.1.4.tgz",
      "integrity": "sha1-uNcY78oCB2b5Dglp2qdR1czMX9Q=",
      "license": "MIT"
    },
    "node_modules/tinyglobby": {
      "version": "0.2.17",
      "resolved": "http://r.npm.sankuai.com/tinyglobby/download/tinyglobby-0.2.17.tgz",
      "integrity": "sha1-ViqabJ6ys7Ej05cZ+a9btE/NdjE=",
      "dev": true,
      "license": "MIT",
      "dependencies": {
        "fdir": "^6.5.0",
        "picomatch": "^4.0.4"
      },
      "engines": {
        "node": ">=12.0.0"
      },
      "funding": {
        "url": "https://github.com/sponsors/SuperchupuDev"
      }
    },
    "node_modules/vite": {
      "version": "6.4.3",
      "resolved": "http://r.npm.sankuai.com/vite/download/vite-6.4.3.tgz",
      "integrity": "sha1-haFk23znBvKndoEu+is0DxchhY4=",
      "dev": true,
      "license": "MIT",
      "dependencies": {
        "esbuild": "^0.25.0",
        "fdir": "^6.4.4",
        "picomatch": "^4.0.2",
        "postcss": "^8.5.3",
        "rollup": "^4.34.9",
        "tinyglobby": "^0.2.13"
      },
      "bin": {
        "vite": "bin/vite.js"
      },
      "engines": {
        "node": "^18.0.0 || ^20.0.0 || >=22.0.0"
      },
      "funding": {
        "url": "https://github.com/vitejs/vite?sponsor=1"
      },
      "optionalDependencies": {
        "fsevents": "~2.3.3"
      },
      "peerDependencies": {
        "@types/node": "^18.0.0 || ^20.0.0 || >=22.0.0",
        "jiti": ">=1.21.0",
        "less": "*",
        "lightningcss": "^1.21.0",
        "sass": "*",
        "sass-embedded": "*",
        "stylus": "*",
        "sugarss": "*",
        "terser": "^5.16.0",
        "tsx": "^4.8.1",
        "yaml": "^2.4.2"
      },
      "peerDependenciesMeta": {
        "@types/node": {
          "optional": true
        },
        "jiti": {
          "optional": true
        },
        "less": {
          "optional": true
        },
        "lightningcss": {
          "optional": true
        },
        "sass": {
          "optional": true
        },
        "sass-embedded": {
          "optional": true
        },
        "stylus": {
          "optional": true
        },
        "sugarss": {
          "optional": true
        },
        "terser": {
          "optional": true
        },
        "tsx": {
          "optional": true
        },
        "yaml": {
          "optional": true
        }
      }
    },
    "node_modules/w3c-keyname": {
      "version": "2.2.8",
      "resolved": "http://r.npm.sankuai.com/w3c-keyname/download/w3c-keyname-2.2.8.tgz",
      "integrity": "sha1-exfIxog9TouGrIq6edOeiA+IacU=",
      "license": "MIT"
    }
  }
}
